
Microsoft Visual Studio Solution File, Format Version 12.00
# Visual Studio Version 17
VisualStudioVersion = 17.13.35931.197 d17.13
MinimumVisualStudioVersion = 10.0.40219.1
Project("{FAE04EC0-301F-11D3-BF4B-00C04F79EFBC}") = "Ex006_soma_impares", "Ex006_soma_impares\Ex006_soma_impares.csproj", "{DCC8AB67-C9AE-43DA-B9C7-3CA82B760A16}"
EndProject
Global
	GlobalSection(SolutionConfigurationPlatforms) = preSolution
		Debug|Any CPU = Debug|Any CPU
		Release|Any CPU = Release|Any CPU
	EndGlobalSection
	GlobalSection(ProjectConfigurationPlatforms) = postSolution
		{DCC8AB67-C9AE-43DA-B9C7-3CA82B760A16}.Debug|Any CPU.ActiveCfg = Debug|Any CPU
		{DCC8AB67-C9AE-43DA-B9C7-3CA82B760A16}.Debug|Any CPU.Build.0 = Debug|Any CPU
		{DCC8AB67-C9AE-43DA-B9C7-3CA82B760A16}.Release|Any CPU.ActiveCfg = Release|Any CPU
		{DCC8AB67-C9AE-43DA-B9C7-3CA82B760A16}.Release|Any CPU.Build.0 = Release|Any CPU
	EndGlobalSection
	GlobalSection(SolutionProperties) = preSolution
		HideSolutionNode = FALSE
	EndGlobalSection
	GlobalSection(ExtensibilityGlobals) = postSolution
		SolutionGuid = {0BF7AA7A-70D5-41E1-AC97-0FF1A793C55C}
	EndGlobalSection
EndGlobal
