
Microsoft Visual Studio Solution File, Format Version 12.00
# Visual Studio Version 17
VisualStudioVersion = 17.13.35931.197 d17.13
MinimumVisualStudioVersion = 10.0.40219.1
Project("{FAE04EC0-301F-11D3-BF4B-00C04F79EFBC}") = "Ex001_primeiro", "Ex001_primeiro\Ex001_primeiro.csproj", "{C2FE17AB-8D54-4C2A-B27B-9EB5C60A8923}"
EndProject
Global
	GlobalSection(SolutionConfigurationPlatforms) = preSolution
		Debug|Any CPU = Debug|Any CPU
		Release|Any CPU = Release|Any CPU
	EndGlobalSection
	GlobalSection(ProjectConfigurationPlatforms) = postSolution
		{C2FE17AB-8D54-4C2A-B27B-9EB5C60A8923}.Debug|Any CPU.ActiveCfg = Debug|Any CPU
		{C2FE17AB-8D54-4C2A-B27B-9EB5C60A8923}.Debug|Any CPU.Build.0 = Debug|Any CPU
		{C2FE17AB-8D54-4C2A-B27B-9EB5C60A8923}.Release|Any CPU.ActiveCfg = Release|Any CPU
		{C2FE17AB-8D54-4C2A-B27B-9EB5C60A8923}.Release|Any CPU.Build.0 = Release|Any CPU
	EndGlobalSection
	GlobalSection(SolutionProperties) = preSolution
		HideSolutionNode = FALSE
	EndGlobalSection
	GlobalSection(ExtensibilityGlobals) = postSolution
		SolutionGuid = {0BD09180-08FD-4B9E-9282-ACDF47D4FD02}
	EndGlobalSection
EndGlobal
